
Microsoft Visual Studio Solution File, Format Version 12.00
# Visual Studio Version 16
VisualStudioVersion = 16.0.29509.3
MinimumVisualStudioVersion = 10.0.40219.1
Project("{9A19103F-16F7-4668-BE54-9A1E7A4F7556}") = "my-new-app", "my-new-app.csproj", "{76987C78-E95C-48EF-A41A-E7C6F3EE9A48}"
EndProject
Global
	GlobalSection(SolutionConfigurationPlatforms) = preSolution
		Debug|Any CPU = Debug|Any CPU
		Release|Any CPU = Release|Any CPU
	EndGlobalSection
	GlobalSection(ProjectConfigurationPlatforms) = postSolution
		{76987C78-E95C-48EF-A41A-E7C6F3EE9A48}.Debug|Any CPU.ActiveCfg = Debug|Any CPU
		{76987C78-E95C-48EF-A41A-E7C6F3EE9A48}.Debug|Any CPU.Build.0 = Debug|Any CPU
		{76987C78-E95C-48EF-A41A-E7C6F3EE9A48}.Release|Any CPU.ActiveCfg = Release|Any CPU
		{76987C78-E95C-48EF-A41A-E7C6F3EE9A48}.Release|Any CPU.Build.0 = Release|Any CPU
	EndGlobalSection
	GlobalSection(SolutionProperties) = preSolution
		HideSolutionNode = FALSE
	EndGlobalSection
	GlobalSection(ExtensibilityGlobals) = postSolution
		SolutionGuid = {76C29BAF-7A0F-47CA-9619-7D60202172F5}
	EndGlobalSection
EndGlobal
